// !$*UTF8*$!
{
	archiveVersion = 1;
	classes = {
	};
	objectVersion = 52;
	objects = {

/* Begin PBXBuildFile section */
		DA3B7FA12623087300D297A5 /* SearchBar.swift in Sources */ = {isa = PBXBuildFile; fileRef = DA3B7FA02623087300D297A5 /* SearchBar.swift */; };
		DA3B7FA526230AEC00D297A5 /* UserCell.swift in Sources */ = {isa = PBXBuildFile; fileRef = DA3B7FA426230AEC00D297A5 /* UserCell.swift */; };
		DA3B7FA926230ECB00D297A5 /* ConversationsView.swift in Sources */ = {isa = PBXBuildFile; fileRef = DA3B7FA826230ECB00D297A5 /* ConversationsView.swift */; };
		DA3B7FAE26230EEA00D297A5 /* ConversationCell.swift in Sources */ = {isa = PBXBuildFile; fileRef = DA3B7FAD26230EEA00D297A5 /* ConversationCell.swift */; };
		DA3B7FB12623190800D297A5 /* MessageInputView.swift in Sources */ = {isa = PBXBuildFile; fileRef = DA3B7FB02623190800D297A5 /* MessageInputView.swift */; };
		DA3B7FB42623197900D297A5 /* ChatView.swift in Sources */ = {isa = PBXBuildFile; fileRef = DA3B7FB32623197900D297A5 /* ChatView.swift */; };
		DA3B7FB826231B2700D297A5 /* ChatBubble.swift in Sources */ = {isa = PBXBuildFile; fileRef = DA3B7FB726231B2700D297A5 /* ChatBubble.swift */; };
		DA3B7FBB26231D7300D297A5 /* Message.swift in Sources */ = {isa = PBXBuildFile; fileRef = DA3B7FBA26231D7300D297A5 /* Message.swift */; };
		DA3B7FBE2623222800D297A5 /* MessageView.swift in Sources */ = {isa = PBXBuildFile; fileRef = DA3B7FBD2623222800D297A5 /* MessageView.swift */; };
		DA3B7FC12623232400D297A5 /* NewMessageView.swift in Sources */ = {isa = PBXBuildFile; fileRef = DA3B7FC02623232400D297A5 /* NewMessageView.swift */; };
		DA3B7FC526232C2100D297A5 /* UserProfileView.swift in Sources */ = {isa = PBXBuildFile; fileRef = DA3B7FC426232C2100D297A5 /* UserProfileView.swift */; };
		DA3B7FC926232CC900D297A5 /* ProfileHeaderView.swift in Sources */ = {isa = PBXBuildFile; fileRef = DA3B7FC826232CC900D297A5 /* ProfileHeaderView.swift */; };
		DA3B7FCC26232CE900D297A5 /* ProfileActionButtonView.swift in Sources */ = {isa = PBXBuildFile; fileRef = DA3B7FCB26232CE900D297A5 /* ProfileActionButtonView.swift */; };
		DA3B7FCF26232CFB00D297A5 /* FilterButtonView.swift in Sources */ = {isa = PBXBuildFile; fileRef = DA3B7FCE26232CFB00D297A5 /* FilterButtonView.swift */; };
		DA84A2912623F8E200775E86 /* NewTweetView.swift in Sources */ = {isa = PBXBuildFile; fileRef = DA84A2902623F8E200775E86 /* NewTweetView.swift */; };
		DA84A2982623FE9E00775E86 /* TextArea.swift in Sources */ = {isa = PBXBuildFile; fileRef = DA84A2972623FE9E00775E86 /* TextArea.swift */; };
		DA84A29D262401DE00775E86 /* LoginView.swift in Sources */ = {isa = PBXBuildFile; fileRef = DA84A29C262401DE00775E86 /* LoginView.swift */; };
		DA84A2A1262401E800775E86 /* RegistrationView.swift in Sources */ = {isa = PBXBuildFile; fileRef = DA84A2A0262401E800775E86 /* RegistrationView.swift */; };
		DA84A2A52624032100775E86 /* CustomTextField.swift in Sources */ = {isa = PBXBuildFile; fileRef = DA84A2A42624032100775E86 /* CustomTextField.swift */; };
		DA84A2A8262405DA00775E86 /* CustomSecureField.swift in Sources */ = {isa = PBXBuildFile; fileRef = DA84A2A7262405DA00775E86 /* CustomSecureField.swift */; };
		DA84A2AB26240E6700775E86 /* ImagePicker.swift in Sources */ = {isa = PBXBuildFile; fileRef = DA84A2AA26240E6700775E86 /* ImagePicker.swift */; };
		DA84A2AE262415AD00775E86 /* GoogleService-Info.plist in Resources */ = {isa = PBXBuildFile; fileRef = DA84A2AD262415AD00775E86 /* GoogleService-Info.plist */; };
		DA84A2B22624178900775E86 /* FirebaseFunctions in Frameworks */ = {isa = PBXBuildFile; productRef = DA84A2B12624178900775E86 /* FirebaseFunctions */; };
		DA84A2B42624178900775E86 /* FirebaseStorage in Frameworks */ = {isa = PBXBuildFile; productRef = DA84A2B32624178900775E86 /* FirebaseStorage */; };
		DA84A2B62624178900775E86 /* FirebaseAuth in Frameworks */ = {isa = PBXBuildFile; productRef = DA84A2B52624178900775E86 /* FirebaseAuth */; };
		DA84A2B82624178900775E86 /* FirebaseFirestore in Frameworks */ = {isa = PBXBuildFile; productRef = DA84A2B72624178900775E86 /* FirebaseFirestore */; };
		DA84A2BD2624B14200775E86 /* AuthViewModel.swift in Sources */ = {isa = PBXBuildFile; fileRef = DA84A2BC2624B14200775E86 /* AuthViewModel.swift */; };
		DA84A2C126255A5000775E86 /* User.swift in Sources */ = {isa = PBXBuildFile; fileRef = DA84A2C026255A5000775E86 /* User.swift */; };
		DAB1E9BD2622C79200F75045 /* TwitterApp.swift in Sources */ = {isa = PBXBuildFile; fileRef = DAB1E9BC2622C79200F75045 /* TwitterApp.swift */; };
		DAB1E9BF2622C79200F75045 /* ContentView.swift in Sources */ = {isa = PBXBuildFile; fileRef = DAB1E9BE2622C79200F75045 /* ContentView.swift */; };
		DAB1E9C42622C79400F75045 /* Preview Assets.xcassets in Resources */ = {isa = PBXBuildFile; fileRef = DAB1E9C32622C79400F75045 /* Preview Assets.xcassets */; };
		DAB1E9D02622D0A700F75045 /* FeedView.swift in Sources */ = {isa = PBXBuildFile; fileRef = DAB1E9CF2622D0A700F75045 /* FeedView.swift */; };
		DAB1E9D52622D36800F75045 /* Assets.xcassets in Resources */ = {isa = PBXBuildFile; fileRef = DAB1E9D42622D36800F75045 /* Assets.xcassets */; };
		DAB1E9D92622D47F00F75045 /* TweetCell.swift in Sources */ = {isa = PBXBuildFile; fileRef = DAB1E9D82622D47F00F75045 /* TweetCell.swift */; };
		DAB1E9DC262303F200F75045 /* SearchView.swift in Sources */ = {isa = PBXBuildFile; fileRef = DAB1E9DB262303F200F75045 /* SearchView.swift */; };
/* End PBXBuildFile section */

/* Begin PBXFileReference section */
		DA3B7FA02623087300D297A5 /* SearchBar.swift */ = {isa = PBXFileReference; lastKnownFileType = sourcecode.swift; path = SearchBar.swift; sourceTree = "<group>"; };
		DA3B7FA426230AEC00D297A5 /* UserCell.swift */ = {isa = PBXFileReference; lastKnownFileType = sourcecode.swift; path = UserCell.swift; sourceTree = "<group>"; };
		DA3B7FA826230ECB00D297A5 /* ConversationsView.swift */ = {isa = PBXFileReference; lastKnownFileType = sourcecode.swift; path = ConversationsView.swift; sourceTree = "<group>"; };
		DA3B7FAD26230EEA00D297A5 /* ConversationCell.swift */ = {isa = PBXFileReference; lastKnownFileType = sourcecode.swift; path = ConversationCell.swift; sourceTree = "<group>"; };
		DA3B7FB02623190800D297A5 /* MessageInputView.swift */ = {isa = PBXFileReference; lastKnownFileType = sourcecode.swift; path = MessageInputView.swift; sourceTree = "<group>"; };
		DA3B7FB32623197900D297A5 /* ChatView.swift */ = {isa = PBXFileReference; lastKnownFileType = sourcecode.swift; path = ChatView.swift; sourceTree = "<group>"; };
		DA3B7FB726231B2700D297A5 /* ChatBubble.swift */ = {isa = PBXFileReference; lastKnownFileType = sourcecode.swift; path = ChatBubble.swift; sourceTree = "<group>"; };
		DA3B7FBA26231D7300D297A5 /* Message.swift */ = {isa = PBXFileReference; lastKnownFileType = sourcecode.swift; path = Message.swift; sourceTree = "<group>"; };
		DA3B7FBD2623222800D297A5 /* MessageView.swift */ = {isa = PBXFileReference; lastKnownFileType = sourcecode.swift; path = MessageView.swift; sourceTree = "<group>"; };
		DA3B7FC02623232400D297A5 /* NewMessageView.swift */ = {isa = PBXFileReference; lastKnownFileType = sourcecode.swift; path = NewMessageView.swift; sourceTree = "<group>"; };
		DA3B7FC426232C2100D297A5 /* UserProfileView.swift */ = {isa = PBXFileReference; lastKnownFileType = sourcecode.swift; path = UserProfileView.swift; sourceTree = "<group>"; };
		DA3B7FC826232CC900D297A5 /* ProfileHeaderView.swift */ = {isa = PBXFileReference; lastKnownFileType = sourcecode.swift; path = ProfileHeaderView.swift; sourceTree = "<group>"; };
		DA3B7FCB26232CE900D297A5 /* ProfileActionButtonView.swift */ = {isa = PBXFileReference; lastKnownFileType = sourcecode.swift; path = ProfileActionButtonView.swift; sourceTree = "<group>"; };
		DA3B7FCE26232CFB00D297A5 /* FilterButtonView.swift */ = {isa = PBXFileReference; lastKnownFileType = sourcecode.swift; path = FilterButtonView.swift; sourceTree = "<group>"; };
		DA84A2902623F8E200775E86 /* NewTweetView.swift */ = {isa = PBXFileReference; lastKnownFileType = sourcecode.swift; path = NewTweetView.swift; sourceTree = "<group>"; };
		DA84A2972623FE9E00775E86 /* TextArea.swift */ = {isa = PBXFileReference; lastKnownFileType = sourcecode.swift; path = TextArea.swift; sourceTree = "<group>"; };
		DA84A29C262401DE00775E86 /* LoginView.swift */ = {isa = PBXFileReference; lastKnownFileType = sourcecode.swift; path = LoginView.swift; sourceTree = "<group>"; };
		DA84A2A0262401E800775E86 /* RegistrationView.swift */ = {isa = PBXFileReference; lastKnownFileType = sourcecode.swift; path = RegistrationView.swift; sourceTree = "<group>"; };
		DA84A2A42624032100775E86 /* CustomTextField.swift */ = {isa = PBXFileReference; lastKnownFileType = sourcecode.swift; path = CustomTextField.swift; sourceTree = "<group>"; };
		DA84A2A7262405DA00775E86 /* CustomSecureField.swift */ = {isa = PBXFileReference; lastKnownFileType = sourcecode.swift; path = CustomSecureField.swift; sourceTree = "<group>"; };
		DA84A2AA26240E6700775E86 /* ImagePicker.swift */ = {isa = PBXFileReference; lastKnownFileType = sourcecode.swift; path = ImagePicker.swift; sourceTree = "<group>"; };
		DA84A2AD262415AD00775E86 /* GoogleService-Info.plist */ = {isa = PBXFileReference; lastKnownFileType = text.plist; path = "GoogleService-Info.plist"; sourceTree = SOURCE_ROOT; };
		DA84A2BC2624B14200775E86 /* AuthViewModel.swift */ = {isa = PBXFileReference; lastKnownFileType = sourcecode.swift; path = AuthViewModel.swift; sourceTree = "<group>"; };
		DA84A2C026255A5000775E86 /* User.swift */ = {isa = PBXFileReference; lastKnownFileType = sourcecode.swift; path = User.swift; sourceTree = "<group>"; };
		DAB1E9B92622C79200F75045 /* Twitter.app */ = {isa = PBXFileReference; explicitFileType = wrapper.application; includeInIndex = 0; path = Twitter.app; sourceTree = BUILT_PRODUCTS_DIR; };
		DAB1E9BC2622C79200F75045 /* TwitterApp.swift */ = {isa = PBXFileReference; lastKnownFileType = sourcecode.swift; path = TwitterApp.swift; sourceTree = "<group>"; };
		DAB1E9BE2622C79200F75045 /* ContentView.swift */ = {isa = PBXFileReference; lastKnownFileType = sourcecode.swift; path = ContentView.swift; sourceTree = "<group>"; };
		DAB1E9C32622C79400F75045 /* Preview Assets.xcassets */ = {isa = PBXFileReference; lastKnownFileType = folder.assetcatalog; path = "Preview Assets.xcassets"; sourceTree = "<group>"; };
		DAB1E9C52622C79400F75045 /* Info.plist */ = {isa = PBXFileReference; lastKnownFileType = text.plist.xml; path = Info.plist; sourceTree = "<group>"; };
		DAB1E9CF2622D0A700F75045 /* FeedView.swift */ = {isa = PBXFileReference; lastKnownFileType = sourcecode.swift; path = FeedView.swift; sourceTree = "<group>"; };
		DAB1E9D42622D36800F75045 /* Assets.xcassets */ = {isa = PBXFileReference; lastKnownFileType = folder.assetcatalog; path = Assets.xcassets; sourceTree = "<group>"; };
		DAB1E9D82622D47F00F75045 /* TweetCell.swift */ = {isa = PBXFileReference; lastKnownFileType = sourcecode.swift; path = TweetCell.swift; sourceTree = "<group>"; };
		DAB1E9DB262303F200F75045 /* SearchView.swift */ = {isa = PBXFileReference; lastKnownFileType = sourcecode.swift; path = SearchView.swift; sourceTree = "<group>"; };
/* End PBXFileReference section */

/* Begin PBXFrameworksBuildPhase section */
		DAB1E9B62622C79200F75045 /* Frameworks */ = {
			isa = PBXFrameworksBuildPhase;
			buildActionMask = 2147483647;
			files = (
				DA84A2B22624178900775E86 /* FirebaseFunctions in Frameworks */,
				DA84A2B82624178900775E86 /* FirebaseFirestore in Frameworks */,
				DA84A2B62624178900775E86 /* FirebaseAuth in Frameworks */,
				DA84A2B42624178900775E86 /* FirebaseStorage in Frameworks */,
			);
			runOnlyForDeploymentPostprocessing = 0;
		};
/* End PBXFrameworksBuildPhase section */

/* Begin PBXGroup section */
		DA3B7FA726230EB800D297A5 /* Messages */ = {
			isa = PBXGroup;
			children = (
				DA3B7FA826230ECB00D297A5 /* ConversationsView.swift */,
				DA3B7FAD26230EEA00D297A5 /* ConversationCell.swift */,
				DA3B7FB02623190800D297A5 /* MessageInputView.swift */,
				DA3B7FB32623197900D297A5 /* ChatView.swift */,
				DA3B7FB726231B2700D297A5 /* ChatBubble.swift */,
				DA3B7FBD2623222800D297A5 /* MessageView.swift */,
				DA3B7FC02623232400D297A5 /* NewMessageView.swift */,
			);
			path = Messages;
			sourceTree = "<group>";
		};
		DA3B7FC326232C0D00D297A5 /* Profile */ = {
			isa = PBXGroup;
			children = (
				DA3B7FC426232C2100D297A5 /* UserProfileView.swift */,
				DA3B7FC826232CC900D297A5 /* ProfileHeaderView.swift */,
				DA3B7FCB26232CE900D297A5 /* ProfileActionButtonView.swift */,
				DA3B7FCE26232CFB00D297A5 /* FilterButtonView.swift */,
			);
			path = Profile;
			sourceTree = "<group>";
		};
		DA84A28F2623F8CB00775E86 /* Tweets */ = {
			isa = PBXGroup;
			children = (
				DA84A2902623F8E200775E86 /* NewTweetView.swift */,
			);
			path = Tweets;
			sourceTree = "<group>";
		};
		DA84A2952623FE7C00775E86 /* Utils */ = {
			isa = PBXGroup;
			children = (
				DA84A2962623FE8700775E86 /* Views */,
			);
			path = Utils;
			sourceTree = "<group>";
		};
		DA84A2962623FE8700775E86 /* Views */ = {
			isa = PBXGroup;
			children = (
				DA84A2972623FE9E00775E86 /* TextArea.swift */,
				DA84A2A42624032100775E86 /* CustomTextField.swift */,
				DA84A2A7262405DA00775E86 /* CustomSecureField.swift */,
				DA84A2AA26240E6700775E86 /* ImagePicker.swift */,
			);
			path = Views;
			sourceTree = "<group>";
		};
		DA84A29B262401CE00775E86 /* Authentication */ = {
			isa = PBXGroup;
			children = (
				DA84A29C262401DE00775E86 /* LoginView.swift */,
				DA84A2A0262401E800775E86 /* RegistrationView.swift */,
			);
			path = Authentication;
			sourceTree = "<group>";
		};
		DAB1E9B02622C79200F75045 = {
			isa = PBXGroup;
			children = (
				DAB1E9BB2622C79200F75045 /* Twitter */,
				DAB1E9BA2622C79200F75045 /* Products */,
			);
			sourceTree = "<group>";
		};
		DAB1E9BA2622C79200F75045 /* Products */ = {
			isa = PBXGroup;
			children = (
				DAB1E9B92622C79200F75045 /* Twitter.app */,
			);
			name = Products;
			sourceTree = "<group>";
		};
		DAB1E9BB2622C79200F75045 /* Twitter */ = {
			isa = PBXGroup;
			children = (
				DA84A2952623FE7C00775E86 /* Utils */,
				DAB1E9CC2622D06800F75045 /* Model */,
				DAB1E9CD2622D06D00F75045 /* View */,
				DAB1E9CE2622D07A00F75045 /* ViewModel */,
				DAB1E9BC2622C79200F75045 /* TwitterApp.swift */,
				DAB1E9C52622C79400F75045 /* Info.plist */,
				DA84A2AD262415AD00775E86 /* GoogleService-Info.plist */,
				DAB1E9C22622C79400F75045 /* Preview Content */,
				DAB1E9D42622D36800F75045 /* Assets.xcassets */,
			);
			path = Twitter;
			sourceTree = "<group>";
		};
		DAB1E9C22622C79400F75045 /* Preview Content */ = {
			isa = PBXGroup;
			children = (
				DAB1E9C32622C79400F75045 /* Preview Assets.xcassets */,
			);
			path = "Preview Content";
			sourceTree = "<group>";
		};
		DAB1E9CC2622D06800F75045 /* Model */ = {
			isa = PBXGroup;
			children = (
				DA3B7FBA26231D7300D297A5 /* Message.swift */,
				DA84A2C026255A5000775E86 /* User.swift */,
			);
			path = Model;
			sourceTree = "<group>";
		};
		DAB1E9CD2622D06D00F75045 /* View */ = {
			isa = PBXGroup;
			children = (
				DA84A29B262401CE00775E86 /* Authentication */,
				DA84A28F2623F8CB00775E86 /* Tweets */,
				DA3B7FC326232C0D00D297A5 /* Profile */,
				DA3B7FA726230EB800D297A5 /* Messages */,
				DAB1E9BE2622C79200F75045 /* ContentView.swift */,
				DAB1E9CF2622D0A700F75045 /* FeedView.swift */,
				DAB1E9D82622D47F00F75045 /* TweetCell.swift */,
				DAB1E9DB262303F200F75045 /* SearchView.swift */,
				DA3B7FA02623087300D297A5 /* SearchBar.swift */,
				DA3B7FA426230AEC00D297A5 /* UserCell.swift */,
			);
			path = View;
			sourceTree = "<group>";
		};
		DAB1E9CE2622D07A00F75045 /* ViewModel */ = {
			isa = PBXGroup;
			children = (
				DA84A2BC2624B14200775E86 /* AuthViewModel.swift */,
			);
			path = ViewModel;
			sourceTree = "<group>";
		};
/* End PBXGroup section */

/* Begin PBXNativeTarget section */
		DAB1E9B82622C79200F75045 /* Twitter */ = {
			isa = PBXNativeTarget;
			buildConfigurationList = DAB1E9C82622C79400F75045 /* Build configuration list for PBXNativeTarget "Twitter" */;
			buildPhases = (
				DAB1E9B52622C79200F75045 /* Sources */,
				DAB1E9B62622C79200F75045 /* Frameworks */,
				DAB1E9B72622C79200F75045 /* Resources */,
			);
			buildRules = (
			);
			dependencies = (
			);
			name = Twitter;
			packageProductDependencies = (
				DA84A2B12624178900775E86 /* FirebaseFunctions */,
				DA84A2B32624178900775E86 /* FirebaseStorage */,
				DA84A2B52624178900775E86 /* FirebaseAuth */,
				DA84A2B72624178900775E86 /* FirebaseFirestore */,
			);
			productName = Twitter;
			productReference = DAB1E9B92622C79200F75045 /* Twitter.app */;
			productType = "com.apple.product-type.application";
		};
/* End PBXNativeTarget section */

/* Begin PBXProject section */
		DAB1E9B12622C79200F75045 /* Project object */ = {
			isa = PBXProject;
			attributes = {
				LastSwiftUpdateCheck = 1240;
				LastUpgradeCheck = 1240;
				TargetAttributes = {
					DAB1E9B82622C79200F75045 = {
						CreatedOnToolsVersion = 12.4;
					};
				};
			};
			buildConfigurationList = DAB1E9B42622C79200F75045 /* Build configuration list for PBXProject "Twitter" */;
			compatibilityVersion = "Xcode 9.3";
			developmentRegion = en;
			hasScannedForEncodings = 0;
			knownRegions = (
				en,
				Base,
			);
			mainGroup = DAB1E9B02622C79200F75045;
			packageReferences = (
				DA84A2B02624178900775E86 /* XCRemoteSwiftPackageReference "firebase-ios-sdk" */,
			);
			productRefGroup = DAB1E9BA2622C79200F75045 /* Products */;
			projectDirPath = "";
			projectRoot = "";
			targets = (
				DAB1E9B82622C79200F75045 /* Twitter */,
			);
		};
/* End PBXProject section */

/* Begin PBXResourcesBuildPhase section */
		DAB1E9B72622C79200F75045 /* Resources */ = {
			isa = PBXResourcesBuildPhase;
			buildActionMask = 2147483647;
			files = (
				DAB1E9D52622D36800F75045 /* Assets.xcassets in Resources */,
				DAB1E9C42622C79400F75045 /* Preview Assets.xcassets in Resources */,
				DA84A2AE262415AD00775E86 /* GoogleService-Info.plist in Resources */,
			);
			runOnlyForDeploymentPostprocessing = 0;
		};
/* End PBXResourcesBuildPhase section */

/* Begin PBXSourcesBuildPhase section */
		DAB1E9B52622C79200F75045 /* Sources */ = {
			isa = PBXSourcesBuildPhase;
			buildActionMask = 2147483647;
			files = (
				DAB1E9DC262303F200F75045 /* SearchView.swift in Sources */,
				DA84A2982623FE9E00775E86 /* TextArea.swift in Sources */,
				DA3B7FB12623190800D297A5 /* MessageInputView.swift in Sources */,
				DAB1E9BF2622C79200F75045 /* ContentView.swift in Sources */,
				DAB1E9D02622D0A700F75045 /* FeedView.swift in Sources */,
				DA3B7FC926232CC900D297A5 /* ProfileHeaderView.swift in Sources */,
				DA3B7FB42623197900D297A5 /* ChatView.swift in Sources */,
				DAB1E9BD2622C79200F75045 /* TwitterApp.swift in Sources */,
				DA84A29D262401DE00775E86 /* LoginView.swift in Sources */,
				DA84A2A1262401E800775E86 /* RegistrationView.swift in Sources */,
				DA84A2912623F8E200775E86 /* NewTweetView.swift in Sources */,
				DA3B7FCF26232CFB00D297A5 /* FilterButtonView.swift in Sources */,
				DAB1E9D92622D47F00F75045 /* TweetCell.swift in Sources */,
				DA84A2AB26240E6700775E86 /* ImagePicker.swift in Sources */,
				DA3B7FB826231B2700D297A5 /* ChatBubble.swift in Sources */,
				DA3B7FA12623087300D297A5 /* SearchBar.swift in Sources */,
				DA3B7FC12623232400D297A5 /* NewMessageView.swift in Sources */,
				DA84A2BD2624B14200775E86 /* AuthViewModel.swift in Sources */,
				DA3B7FBB26231D7300D297A5 /* Message.swift in Sources */,
				DA3B7FC526232C2100D297A5 /* UserProfileView.swift in Sources */,
				DA84A2C126255A5000775E86 /* User.swift in Sources */,
				DA3B7FA526230AEC00D297A5 /* UserCell.swift in Sources */,
				DA3B7FCC26232CE900D297A5 /* ProfileActionButtonView.swift in Sources */,
				DA84A2A52624032100775E86 /* CustomTextField.swift in Sources */,
				DA3B7FA926230ECB00D297A5 /* ConversationsView.swift in Sources */,
				DA84A2A8262405DA00775E86 /* CustomSecureField.swift in Sources */,
				DA3B7FBE2623222800D297A5 /* MessageView.swift in Sources */,
				DA3B7FAE26230EEA00D297A5 /* ConversationCell.swift in Sources */,
			);
			runOnlyForDeploymentPostprocessing = 0;
		};
/* End PBXSourcesBuildPhase section */

/* Begin XCBuildConfiguration section */
		DAB1E9C62622C79400F75045 /* Debug */ = {
			isa = XCBuildConfiguration;
			buildSettings = {
				ALWAYS_SEARCH_USER_PATHS = NO;
				CLANG_ANALYZER_NONNULL = YES;
				CLANG_ANALYZER_NUMBER_OBJECT_CONVERSION = YES_AGGRESSIVE;
				CLANG_CXX_LANGUAGE_STANDARD = "gnu++14";
				CLANG_CXX_LIBRARY = "libc++";
				CLANG_ENABLE_MODULES = YES;
				CLANG_ENABLE_OBJC_ARC = YES;
				CLANG_ENABLE_OBJC_WEAK = YES;
				CLANG_WARN_BLOCK_CAPTURE_AUTORELEASING = YES;
				CLANG_WARN_BOOL_CONVERSION = YES;
				CLANG_WARN_COMMA = YES;
				CLANG_WARN_CONSTANT_CONVERSION = YES;
				CLANG_WARN_DEPRECATED_OBJC_IMPLEMENTATIONS = YES;
				CLANG_WARN_DIRECT_OBJC_ISA_USAGE = YES_ERROR;
				CLANG_WARN_DOCUMENTATION_COMMENTS = YES;
				CLANG_WARN_EMPTY_BODY = YES;
				CLANG_WARN_ENUM_CONVERSION = YES;
				CLANG_WARN_INFINITE_RECURSION = YES;
				CLANG_WARN_INT_CONVERSION = YES;
				CLANG_WARN_NON_LITERAL_NULL_CONVERSION = YES;
				CLANG_WARN_OBJC_IMPLICIT_RETAIN_SELF = YES;
				CLANG_WARN_OBJC_LITERAL_CONVERSION = YES;
				CLANG_WARN_OBJC_ROOT_CLASS = YES_ERROR;
				CLANG_WARN_QUOTED_INCLUDE_IN_FRAMEWORK_HEADER = YES;
				CLANG_WARN_RANGE_LOOP_ANALYSIS = YES;
				CLANG_WARN_STRICT_PROTOTYPES = YES;
				CLANG_WARN_SUSPICIOUS_MOVE = YES;
				CLANG_WARN_UNGUARDED_AVAILABILITY = YES_AGGRESSIVE;
				CLANG_WARN_UNREACHABLE_CODE = YES;
				CLANG_WARN__DUPLICATE_METHOD_MATCH = YES;
				COPY_PHASE_STRIP = NO;
				DEBUG_INFORMATION_FORMAT = dwarf;
				ENABLE_STRICT_OBJC_MSGSEND = YES;
				ENABLE_TESTABILITY = YES;
				GCC_C_LANGUAGE_STANDARD = gnu11;
				GCC_DYNAMIC_NO_PIC = NO;
				GCC_NO_COMMON_BLOCKS = YES;
				GCC_OPTIMIZATION_LEVEL = 0;
				GCC_PREPROCESSOR_DEFINITIONS = (
					"DEBUG=1",
					"$(inherited)",
				);
				GCC_WARN_64_TO_32_BIT_CONVERSION = YES;
				GCC_WARN_ABOUT_RETURN_TYPE = YES_ERROR;
				GCC_WARN_UNDECLARED_SELECTOR = YES;
				GCC_WARN_UNINITIALIZED_AUTOS = YES_AGGRESSIVE;
				GCC_WARN_UNUSED_FUNCTION = YES;
				GCC_WARN_UNUSED_VARIABLE = YES;
				IPHONEOS_DEPLOYMENT_TARGET = 14.4;
				MTL_ENABLE_DEBUG_INFO = INCLUDE_SOURCE;
				MTL_FAST_MATH = YES;
				ONLY_ACTIVE_ARCH = YES;
				SDKROOT = iphoneos;
				SWIFT_ACTIVE_COMPILATION_CONDITIONS = DEBUG;
				SWIFT_OPTIMIZATION_LEVEL = "-Onone";
			};
			name = Debug;
		};
		DAB1E9C72622C79400F75045 /* Release */ = {
			isa = XCBuildConfiguration;
			buildSettings = {
				ALWAYS_SEARCH_USER_PATHS = NO;
				CLANG_ANALYZER_NONNULL = YES;
				CLANG_ANALYZER_NUMBER_OBJECT_CONVERSION = YES_AGGRESSIVE;
				CLANG_CXX_LANGUAGE_STANDARD = "gnu++14";
				CLANG_CXX_LIBRARY = "libc++";
				CLANG_ENABLE_MODULES = YES;
				CLANG_ENABLE_OBJC_ARC = YES;
				CLANG_ENABLE_OBJC_WEAK = YES;
				CLANG_WARN_BLOCK_CAPTURE_AUTORELEASING = YES;
				CLANG_WARN_BOOL_CONVERSION = YES;
				CLANG_WARN_COMMA = YES;
				CLANG_WARN_CONSTANT_CONVERSION = YES;
				CLANG_WARN_DEPRECATED_OBJC_IMPLEMENTATIONS = YES;
				CLANG_WARN_DIRECT_OBJC_ISA_USAGE = YES_ERROR;
				CLANG_WARN_DOCUMENTATION_COMMENTS = YES;
				CLANG_WARN_EMPTY_BODY = YES;
				CLANG_WARN_ENUM_CONVERSION = YES;
				CLANG_WARN_INFINITE_RECURSION = YES;
				CLANG_WARN_INT_CONVERSION = YES;
				CLANG_WARN_NON_LITERAL_NULL_CONVERSION = YES;
				CLANG_WARN_OBJC_IMPLICIT_RETAIN_SELF = YES;
				CLANG_WARN_OBJC_LITERAL_CONVERSION = YES;
				CLANG_WARN_OBJC_ROOT_CLASS = YES_ERROR;
				CLANG_WARN_QUOTED_INCLUDE_IN_FRAMEWORK_HEADER = YES;
				CLANG_WARN_RANGE_LOOP_ANALYSIS = YES;
				CLANG_WARN_STRICT_PROTOTYPES = YES;
				CLANG_WARN_SUSPICIOUS_MOVE = YES;
				CLANG_WARN_UNGUARDED_AVAILABILITY = YES_AGGRESSIVE;
				CLANG_WARN_UNREACHABLE_CODE = YES;
				CLANG_WARN__DUPLICATE_METHOD_MATCH = YES;
				COPY_PHASE_STRIP = NO;
				DEBUG_INFORMATION_FORMAT = "dwarf-with-dsym";
				ENABLE_NS_ASSERTIONS = NO;
				ENABLE_STRICT_OBJC_MSGSEND = YES;
				GCC_C_LANGUAGE_STANDARD = gnu11;
				GCC_NO_COMMON_BLOCKS = YES;
				GCC_WARN_64_TO_32_BIT_CONVERSION = YES;
				GCC_WARN_ABOUT_RETURN_TYPE = YES_ERROR;
				GCC_WARN_UNDECLARED_SELECTOR = YES;
				GCC_WARN_UNINITIALIZED_AUTOS = YES_AGGRESSIVE;
				GCC_WARN_UNUSED_FUNCTION = YES;
				GCC_WARN_UNUSED_VARIABLE = YES;
				IPHONEOS_DEPLOYMENT_TARGET = 14.4;
				MTL_ENABLE_DEBUG_INFO = NO;
				MTL_FAST_MATH = YES;
				SDKROOT = iphoneos;
				SWIFT_COMPILATION_MODE = wholemodule;
				SWIFT_OPTIMIZATION_LEVEL = "-O";
				VALIDATE_PRODUCT = YES;
			};
			name = Release;
		};
		DAB1E9C92622C79400F75045 /* Debug */ = {
			isa = XCBuildConfiguration;
			buildSettings = {
				ASSETCATALOG_COMPILER_APPICON_NAME = AppIcon;
				ASSETCATALOG_COMPILER_GLOBAL_ACCENT_COLOR_NAME = AccentColor;
				CODE_SIGN_STYLE = Automatic;
				DEVELOPMENT_ASSET_PATHS = "\"Twitter/Preview Content\"";
				DEVELOPMENT_TEAM = 4VRJV777FC;
				ENABLE_PREVIEWS = YES;
				INFOPLIST_FILE = Twitter/Info.plist;
				IPHONEOS_DEPLOYMENT_TARGET = 14.0;
				LD_RUNPATH_SEARCH_PATHS = (
					"$(inherited)",
					"@executable_path/Frameworks",
				);
				PRODUCT_BUNDLE_IDENTIFIER = com.jp.Twitter;
				PRODUCT_NAME = "$(TARGET_NAME)";
				SWIFT_VERSION = 5.0;
				TARGETED_DEVICE_FAMILY = "1,2";
			};
			name = Debug;
		};
		DAB1E9CA2622C79400F75045 /* Release */ = {
			isa = XCBuildConfiguration;
			buildSettings = {
				ASSETCATALOG_COMPILER_APPICON_NAME = AppIcon;
				ASSETCATALOG_COMPILER_GLOBAL_ACCENT_COLOR_NAME = AccentColor;
				CODE_SIGN_STYLE = Automatic;
				DEVELOPMENT_ASSET_PATHS = "\"Twitter/Preview Content\"";
				DEVELOPMENT_TEAM = 4VRJV777FC;
				ENABLE_PREVIEWS = YES;
				INFOPLIST_FILE = Twitter/Info.plist;
				IPHONEOS_DEPLOYMENT_TARGET = 14.0;
				LD_RUNPATH_SEARCH_PATHS = (
					"$(inherited)",
					"@executable_path/Frameworks",
				);
				PRODUCT_BUNDLE_IDENTIFIER = com.jp.Twitter;
				PRODUCT_NAME = "$(TARGET_NAME)";
				SWIFT_VERSION = 5.0;
				TARGETED_DEVICE_FAMILY = "1,2";
			};
			name = Release;
		};
/* End XCBuildConfiguration section */

/* Begin XCConfigurationList section */
		DAB1E9B42622C79200F75045 /* Build configuration list for PBXProject "Twitter" */ = {
			isa = XCConfigurationList;
			buildConfigurations = (
				DAB1E9C62622C79400F75045 /* Debug */,
				DAB1E9C72622C79400F75045 /* Release */,
			);
			defaultConfigurationIsVisible = 0;
			defaultConfigurationName = Release;
		};
		DAB1E9C82622C79400F75045 /* Build configuration list for PBXNativeTarget "Twitter" */ = {
			isa = XCConfigurationList;
			buildConfigurations = (
				DAB1E9C92622C79400F75045 /* Debug */,
				DAB1E9CA2622C79400F75045 /* Release */,
			);
			defaultConfigurationIsVisible = 0;
			defaultConfigurationName = Release;
		};
/* End XCConfigurationList section */

/* Begin XCRemoteSwiftPackageReference section */
		DA84A2B02624178900775E86 /* XCRemoteSwiftPackageReference "firebase-ios-sdk" */ = {
			isa = XCRemoteSwiftPackageReference;
			repositoryURL = "https://github.com/firebase/firebase-ios-sdk.git";
			requirement = {
				kind = upToNextMajorVersion;
				minimumVersion = 7.10.0;
			};
		};
/* End XCRemoteSwiftPackageReference section */

/* Begin XCSwiftPackageProductDependency section */
		DA84A2B12624178900775E86 /* FirebaseFunctions */ = {
			isa = XCSwiftPackageProductDependency;
			package = DA84A2B02624178900775E86 /* XCRemoteSwiftPackageReference "firebase-ios-sdk" */;
			productName = FirebaseFunctions;
		};
		DA84A2B32624178900775E86 /* FirebaseStorage */ = {
			isa = XCSwiftPackageProductDependency;
			package = DA84A2B02624178900775E86 /* XCRemoteSwiftPackageReference "firebase-ios-sdk" */;
			productName = FirebaseStorage;
		};
		DA84A2B52624178900775E86 /* FirebaseAuth */ = {
			isa = XCSwiftPackageProductDependency;
			package = DA84A2B02624178900775E86 /* XCRemoteSwiftPackageReference "firebase-ios-sdk" */;
			productName = FirebaseAuth;
		};
		DA84A2B72624178900775E86 /* FirebaseFirestore */ = {
			isa = XCSwiftPackageProductDependency;
			package = DA84A2B02624178900775E86 /* XCRemoteSwiftPackageReference "firebase-ios-sdk" */;
			productName = FirebaseFirestore;
		};
/* End XCSwiftPackageProductDependency section */
	};
	rootObject = DAB1E9B12622C79200F75045 /* Project object */;
}
